
Microsoft Visual Studio Solution File, Format Version 12.00
# Visual Studio Version 17
VisualStudioVersion = 17.5.33516.290
MinimumVisualStudioVersion = 10.0.40219.1
Project("{9A19103F-16F7-4668-BE54-9A1E7A4F7556}") = "llama.NET", "llama.NET\llama.NET.csproj", "{06C4D5CF-0FB5-4EBF-B781-C93CF308D38A}"
EndProject
Global
	GlobalSection(SolutionConfigurationPlatforms) = preSolution
		Debug|Any CPU = Debug|Any CPU
		Release|Any CPU = Release|Any CPU
	EndGlobalSection
	GlobalSection(ProjectConfigurationPlatforms) = postSolution
		{06C4D5CF-0FB5-4EBF-B781-C93CF308D38A}.Debug|Any CPU.ActiveCfg = Debug|Any CPU
		{06C4D5CF-0FB5-4EBF-B781-C93CF308D38A}.Debug|Any CPU.Build.0 = Debug|Any CPU
		{06C4D5CF-0FB5-4EBF-B781-C93CF308D38A}.Release|Any CPU.ActiveCfg = Release|Any CPU
		{06C4D5CF-0FB5-4EBF-B781-C93CF308D38A}.Release|Any CPU.Build.0 = Release|Any CPU
	EndGlobalSection
	GlobalSection(SolutionProperties) = preSolution
		HideSolutionNode = FALSE
	EndGlobalSection
	GlobalSection(ExtensibilityGlobals) = postSolution
		SolutionGuid = {C3169555-FBAF-42A7-B89E-2FFAE3002353}
	EndGlobalSection
EndGlobal
